{
    "_readme": [
        "This file locks the dependencies of your project to a known state",
        "Read more about it at https://getcomposer.org/doc/01-basic-usage.md#composer-lock-the-lock-file",
        "This file is @generated automatically"
    ],
    "content-hash": "345f99ac3fe8494a8bc7bfe7ecf66753",
    "packages": [
        {
            "name": "composer/installers",
            "version": "v1.4.0",
            "source": {
                "type": "git",
                "url": "https://github.com/composer/installers.git",
                "reference": "9ce17fb70e9a38dd8acff0636a29f5cf4d575c1b"
            },
            "dist": {
                "type": "zip",
                "url": "https://api.github.com/repos/composer/installers/zipball/9ce17fb70e9a38dd8acff0636a29f5cf4d575c1b",
                "reference": "9ce17fb70e9a38dd8acff0636a29f5cf4d575c1b",
                "shasum": ""
            },
            "require": {
                "composer-plugin-api": "^1.0"
            },
            "replace": {
                "roundcube/plugin-installer": "*",
                "shama/baton": "*"
            },
            "require-dev": {
                "composer/composer": "1.0.*@dev",
                "phpunit/phpunit": "4.1.*"
            },
            "type": "composer-plugin",
            "extra": {
                "class": "Composer\\Installers\\Plugin",
                "branch-alias": {
                    "dev-master": "1.0-dev"
                }
            },
            "autoload": {
                "psr-4": {
                    "Composer\\Installers\\": "src/Composer/Installers"
                }
            },
            "notification-url": "https://packagist.org/downloads/",
            "license": [
                "MIT"
            ],
            "authors": [
                {
                    "name": "Kyle Robinson Young",
                    "email": "kyle@dontkry.com",
                    "homepage": "https://github.com/shama"
                }
            ],
            "description": "A multi-framework Composer library installer",
            "homepage": "https://composer.github.io/installers/",
            "keywords": [
                "Craft",
                "Dolibarr",
                "Eliasis",
                "Hurad",
                "ImageCMS",
                "Kanboard",
                "Lan Management System",
                "MODX Evo",
                "Mautic",
                "Maya",
                "OXID",
                "Plentymarkets",
                "Porto",
                "RadPHP",
                "SMF",
                "Thelia",
                "WolfCMS",
                "agl",
                "aimeos",
                "annotatecms",
                "attogram",
                "bitrix",
                "cakephp",
                "chef",
                "cockpit",
                "codeigniter",
                "concrete5",
                "croogo",
                "dokuwiki",
                "drupal",
                "eZ Platform",
                "elgg",
                "expressionengine",
                "fuelphp",
                "grav",
                "installer",
                "itop",
                "joomla",
                "kohana",
                "laravel",
                "lavalite",
                "lithium",
                "magento",
                "mako",
                "mediawiki",
                "modulework",
                "moodle",
                "osclass",
                "phpbb",
                "piwik",
                "ppi",
                "puppet",
                "reindex",
                "roundcube",
                "shopware",
                "silverstripe",
                "sydes",
                "symfony",
                "typo3",
                "wordpress",
                "yawik",
                "zend",
                "zikula"
            ],
            "time": "2017-08-09T07:53:48+00:00"
        },
        {
            "name": "doctrine/lexer",
            "version": "v1.0.1",
            "source": {
                "type": "git",
                "url": "https://github.com/doctrine/lexer.git",
                "reference": "83893c552fd2045dd78aef794c31e694c37c0b8c"
            },
            "dist": {
                "type": "zip",
                "url": "https://api.github.com/repos/doctrine/lexer/zipball/83893c552fd2045dd78aef794c31e694c37c0b8c",
                "reference": "83893c552fd2045dd78aef794c31e694c37c0b8c",
                "shasum": ""
            },
            "require": {
                "php": ">=5.3.2"
            },
            "type": "library",
            "extra": {
                "branch-alias": {
                    "dev-master": "1.0.x-dev"
                }
            },
            "autoload": {
                "psr-0": {
                    "Doctrine\\Common\\Lexer\\": "lib/"
                }
            },
            "notification-url": "https://packagist.org/downloads/",
            "license": [
                "MIT"
            ],
            "authors": [
                {
                    "name": "Roman Borschel",
                    "email": "roman@code-factory.org"
                },
                {
                    "name": "Guilherme Blanco",
                    "email": "guilhermeblanco@gmail.com"
                },
                {
                    "name": "Johannes Schmitt",
                    "email": "schmittjoh@gmail.com"
                }
            ],
            "description": "Base library for a lexer that can be used in Top-Down, Recursive Descent Parsers.",
            "homepage": "http://www.doctrine-project.org",
            "keywords": [
                "lexer",
                "parser"
            ],
            "time": "2014-09-09T13:34:57+00:00"
        },
        {
            "name": "drewm/mailchimp-api",
            "version": "v2.4",
            "source": {
                "type": "git",
                "url": "https://github.com/drewm/mailchimp-api.git",
                "reference": "fe480bb652f85270227bf6d639b0026a531f21fc"
            },
            "dist": {
                "type": "zip",
                "url": "https://api.github.com/repos/drewm/mailchimp-api/zipball/fe480bb652f85270227bf6d639b0026a531f21fc",
                "reference": "fe480bb652f85270227bf6d639b0026a531f21fc",
                "shasum": ""
            },
            "require": {
                "ext-curl": "*",
                "php": ">=5.3"
            },
            "require-dev": {
                "phpunit/phpunit": "4.0.*",
                "vlucas/phpdotenv": "^2.0"
            },
            "type": "library",
            "autoload": {
                "psr-4": {
                    "DrewM\\MailChimp\\": "src"
                }
            },
            "notification-url": "https://packagist.org/downloads/",
            "license": [
                "MIT"
            ],
            "authors": [
                {
                    "name": "Drew McLellan",
                    "email": "drew.mclellan@gmail.com",
                    "homepage": "http://allinthehead.com/"
                }
            ],
            "description": "Super-simple, minimum abstraction MailChimp API v3 wrapper",
            "homepage": "https://github.com/drewm/mailchimp-api",
            "time": "2017-02-16T13:24:20+00:00"
        },
        {
            "name": "dwnload/edd-software-license-manager",
            "version": "dev-master",
            "source": {
                "type": "git",
                "url": "https://github.com/dwnload/EddSoftwareLicenseManager.git",
                "reference": "50daa9ad413a156ce93858b4fa21c39e708ce8e6"
            },
            "dist": {
                "type": "zip",
                "url": "https://api.github.com/repos/dwnload/EddSoftwareLicenseManager/zipball/50daa9ad413a156ce93858b4fa21c39e708ce8e6",
                "reference": "50daa9ad413a156ce93858b4fa21c39e708ce8e6",
                "shasum": ""
            },
            "require": {
                "composer/installers": "~1.0",
                "php": ">=7.0.4",
                "thefrosty/wp-utilities": "^0.2.2"
            },
            "require-dev": {
                "10up/wp_mock": "dev-dev",
                "wp-coding-standards/wpcs": "^0.9.0"
            },
            "type": "library",
            "autoload": {
                "psr-4": {
                    "Dwnload\\EddSoftwareLicenseManager\\": "src"
                }
            },
            "notification-url": "https://packagist.org/downloads/",
            "license": [
                "MIT"
            ],
            "authors": [
                {
                    "name": "Austin Passy",
                    "email": "thefrosty@users.noreply.github.com",
                    "homepage": "https://austin.passy.co",
                    "role": "Developer"
                }
            ],
            "description": "A PHP class abstraction for managing WordPress plugin licenses and auto-updates that are sold on an Easy Digital Downloads store.",
            "time": "2017-08-14 20:50:35"
        },
        {
            "name": "dwnload/wp-settings-api",
            "version": "2.1.3",
            "source": {
                "type": "git",
                "url": "https://github.com/dwnload/WpSettingsApi.git",
                "reference": "05b545bbc8f1f78aab087f2a9b4467cd053ab051"
            },
            "dist": {
                "type": "zip",
                "url": "https://api.github.com/repos/dwnload/WpSettingsApi/zipball/05b545bbc8f1f78aab087f2a9b4467cd053ab051",
                "reference": "05b545bbc8f1f78aab087f2a9b4467cd053ab051",
                "shasum": ""
            },
            "require": {
                "composer/installers": "~1.0",
                "php": ">=7.0.4",
                "thefrosty/wp-utilities": "^0.2.2"
            },
            "require-dev": {
                "10up/wp_mock": "dev-dev",
                "wp-coding-standards/wpcs": "^0.9.0"
            },
            "type": "library",
            "autoload": {
                "psr-4": {
                    "Dwnload\\WpSettingsApi\\": "src",
                    "Dwnload\\WpSettingsApi\\Tests\\": "tests"
                }
            },
            "notification-url": "https://packagist.org/downloads/",
            "license": [
                "MIT"
            ],
            "authors": [
                {
                    "name": "Austin Passy",
                    "email": "thefrosty@users.noreply.github.com",
                    "homepage": "https://austin.passy.co",
                    "role": "Developer"
                }
            ],
            "description": "A PHP class abstraction that removes all the headaches of the WordPress settings API under the hood and builds a nice options panel on the fly.",
            "time": "2017-08-16T21:56:40+00:00"
        },
        {
            "name": "egulias/email-validator",
            "version": "2.1.2",
            "source": {
                "type": "git",
                "url": "https://github.com/egulias/EmailValidator.git",
                "reference": "bc31baa11ea2883e017f0a10d9722ef9d50eac1c"
            },
            "dist": {
                "type": "zip",
                "url": "https://api.github.com/repos/egulias/EmailValidator/zipball/bc31baa11ea2883e017f0a10d9722ef9d50eac1c",
                "reference": "bc31baa11ea2883e017f0a10d9722ef9d50eac1c",
                "shasum": ""
            },
            "require": {
                "doctrine/lexer": "^1.0.1",
                "php": ">= 5.5"
            },
            "require-dev": {
                "dominicsayers/isemail": "dev-master",
                "phpunit/phpunit": "^4.8.0",
                "satooshi/php-coveralls": "dev-master"
            },
            "suggest": {
                "ext-intl": "PHP Internationalization Libraries are required to use the SpoofChecking validation"
            },
            "type": "library",
            "extra": {
                "branch-alias": {
                    "dev-master": "2.0.x-dev"
                }
            },
            "autoload": {
                "psr-4": {
                    "Egulias\\EmailValidator\\": "EmailValidator"
                }
            },
            "notification-url": "https://packagist.org/downloads/",
            "license": [
                "MIT"
            ],
            "authors": [
                {
                    "name": "Eduardo Gulias Davis"
                }
            ],
            "description": "A library for validating emails against several RFCs",
            "homepage": "https://github.com/egulias/EmailValidator",
            "keywords": [
                "email",
                "emailvalidation",
                "emailvalidator",
                "validation",
                "validator"
            ],
            "time": "2017-01-30T22:07:36+00:00"
        },
        {
            "name": "thefrosty/wp-utilities",
            "version": "0.2.2",
            "source": {
                "type": "git",
                "url": "https://github.com/thefrosty/wp-utilities.git",
                "reference": "efbaf68da7aa18c533d0151e1953f2f619c70a6c"
            },
            "dist": {
                "type": "zip",
                "url": "https://api.github.com/repos/thefrosty/wp-utilities/zipball/efbaf68da7aa18c533d0151e1953f2f619c70a6c",
                "reference": "efbaf68da7aa18c533d0151e1953f2f619c70a6c",
                "shasum": ""
            },
            "require": {
                "php": ">=7.0"
            },
            "type": "library",
            "autoload": {
                "psr-4": {
                    "TheFrosty\\WP\\Utils\\": "src/"
                }
            },
            "notification-url": "https://packagist.org/downloads/",
            "license": [
                "MIT"
            ],
            "authors": [
                {
                    "name": "Austin Passy",
                    "email": "austin@passy.co",
                    "homepage": "https://github.com/thefrosty"
                }
            ],
            "description": "A library containing my standard development resources",
            "time": "2017-07-28T21:05:31+00:00"
        }
    ],
    "packages-dev": [],
    "aliases": [],
    "minimum-stability": "stable",
    "stability-flags": {
        "dwnload/edd-software-license-manager": 20
    },
    "prefer-stable": false,
    "prefer-lowest": false,
    "platform": {
        "php": ">=7.0.4"
    },
    "platform-dev": []
}
